
Microsoft Visual Studio Solution File, Format Version 12.00
# Visual Studio Version 16
VisualStudioVersion = 16.0.30907.101
MinimumVisualStudioVersion = 10.0.40219.1
Project("{FAE04EC0-301F-11D3-BF4B-00C04F79EFBC}") = "cddc", "cddc\cddc.csproj", "{9FFEEC62-C942-4EA2-91C4-6F98B69FAF47}"
EndProject
Global
	GlobalSection(SolutionConfigurationPlatforms) = preSolution
		Debug|Any CPU = Debug|Any CPU
		Release|Any CPU = Release|Any CPU
	EndGlobalSection
	GlobalSection(ProjectConfigurationPlatforms) = postSolution
		{9FFEEC62-C942-4EA2-91C4-6F98B69FAF47}.Debug|Any CPU.ActiveCfg = Debug|Any CPU
		{9FFEEC62-C942-4EA2-91C4-6F98B69FAF47}.Debug|Any CPU.Build.0 = Debug|Any CPU
		{9FFEEC62-C942-4EA2-91C4-6F98B69FAF47}.Release|Any CPU.ActiveCfg = Release|Any CPU
		{9FFEEC62-C942-4EA2-91C4-6F98B69FAF47}.Release|Any CPU.Build.0 = Release|Any CPU
	EndGlobalSection
	GlobalSection(SolutionProperties) = preSolution
		HideSolutionNode = FALSE
	EndGlobalSection
	GlobalSection(ExtensibilityGlobals) = postSolution
		SolutionGuid = {7B4A19B3-736C-4822-B27B-24FD999DBA51}
	EndGlobalSection
EndGlobal
